[[package]]
category = "main"
description = "The geodesic routines from GeographicLib"
name = "geographiclib"
optional = false
python-versions = "*"
version = "1.49"

[[package]]
category = "main"
description = "Python Geocoding Toolbox"
name = "geopy"
optional = false
python-versions = "*"
version = "1.19.0"

[package.dependencies]
geographiclib = ">=1.49,<2"

[[package]]
category = "main"
description = "Find all the sides and angles of a triangle, if you know some of the sides and/or angles. (Uses the Law of Sines and Law of Cosines.)"
name = "trianglesolver"
optional = false
python-versions = "*"
version = "1.1"

[metadata]
content-hash = "f74bfa564298014ccb9046314264d5faa110698c61982ce25b8308c49dc8a617"
python-versions = "^3.5"

[metadata.hashes]
geographiclib = ["635da648fce80a57b81b28875d103dacf7deb12a3f5f7387ba7d39c51e096533"]
geopy = ["9b23b6f45fb3a60d3d5d6c17dd9c2321fec990bf43d21b1f01bfcc2f062b6dea", "d2fc0dc79572f5acbcf7e48af1233ac8033079ddb15cae538b9dd03587436de5"]
trianglesolver = ["4dd0af78fa76d3bf4b3146b78346b3befbcc69235d40a8caae14b9374a8e60f1"]
